// !$*UTF8*$!
{
	archiveVersion = 1;
	classes = {
	};
	objectVersion = 77;
	objects = {

/* Begin PBXContainerItemProxy section */
		4E9CEC9E2CE3E35100E584E6 /* PBXContainerItemProxy */ = {
			isa = PBXContainerItemProxy;
			containerPortal = 4E9CEC852CE3E34F00E584E6 /* Project object */;
			proxyType = 1;
			remoteGlobalIDString = 4E9CEC8C2CE3E34F00E584E6;
			remoteInfo = "Hunt Across Brookline";
		};
		4E9CECA82CE3E35100E584E6 /* PBXContainerItemProxy */ = {
			isa = PBXContainerItemProxy;
			containerPortal = 4E9CEC852CE3E34F00E584E6 /* Project object */;
			proxyType = 1;
			remoteGlobalIDString = 4E9CEC8C2CE3E34F00E584E6;
			remoteInfo = "Hunt Across Brookline";
		};
/* End PBXContainerItemProxy section */

/* Begin PBXFileReference section */
		4E9CEC8D2CE3E34F00E584E6 /* Hunt Across Brookline.app */ = {isa = PBXFileReference; explicitFileType = wrapper.application; includeInIndex = 0; path = "Hunt Across Brookline.app"; sourceTree = BUILT_PRODUCTS_DIR; };
		4E9CEC9D2CE3E35100E584E6 /* Hunt Across BrooklineTests.xctest */ = {isa = PBXFileReference; explicitFileType = wrapper.cfbundle; includeInIndex = 0; path = "Hunt Across BrooklineTests.xctest"; sourceTree = BUILT_PRODUCTS_DIR; };
		4E9CECA72CE3E35100E584E6 /* Hunt Across BrooklineUITests.xctest */ = {isa = PBXFileReference; explicitFileType = wrapper.cfbundle; includeInIndex = 0; path = "Hunt Across BrooklineUITests.xctest"; sourceTree = BUILT_PRODUCTS_DIR; };
/* End PBXFileReference section */

/* Begin PBXFileSystemSynchronizedRootGroup section */
		4E9CEC8F2CE3E34F00E584E6 /* Hunt Across Brookline */ = {
			isa = PBXFileSystemSynchronizedRootGroup;
			path = "Hunt Across Brookline";
			sourceTree = "<group>";
		};
		4E9CECA02CE3E35100E584E6 /* Hunt Across BrooklineTests */ = {
			isa = PBXFileSystemSynchronizedRootGroup;
			path = "Hunt Across BrooklineTests";
			sourceTree = "<group>";
		};
		4E9CECAA2CE3E35100E584E6 /* Hunt Across BrooklineUITests */ = {
			isa = PBXFileSystemSynchronizedRootGroup;
			path = "Hunt Across BrooklineUITests";
			sourceTree = "<group>";
		};
/* End PBXFileSystemSynchronizedRootGroup section */

/* Begin PBXFrameworksBuildPhase section */
		4E9CEC8A2CE3E34F00E584E6 /* Frameworks */ = {
			isa = PBXFrameworksBuildPhase;
			buildActionMask = 2147483647;
			files = (
			);
			runOnlyForDeploymentPostprocessing = 0;
		};
		4E9CEC9A2CE3E35100E584E6 /* Frameworks */ = {
			isa = PBXFrameworksBuildPhase;
			buildActionMask = 2147483647;
			files = (
			);
			runOnlyForDeploymentPostprocessing = 0;
		};
		4E9CECA42CE3E35100E584E6 /* Frameworks */ = {
			isa = PBXFrameworksBuildPhase;
			buildActionMask = 2147483647;
			files = (
			);
			runOnlyForDeploymentPostprocessing = 0;
		};
/* End PBXFrameworksBuildPhase section */

/* Begin PBXGroup section */
		4E9CEC842CE3E34F00E584E6 = {
			isa = PBXGroup;
			children = (
				4E9CEC8F2CE3E34F00E584E6 /* Hunt Across Brookline */,
				4E9CECA02CE3E35100E584E6 /* Hunt Across BrooklineTests */,
				4E9CECAA2CE3E35100E584E6 /* Hunt Across BrooklineUITests */,
				4E9CEC8E2CE3E34F00E584E6 /* Products */,
			);
			sourceTree = "<group>";
		};
		4E9CEC8E2CE3E34F00E584E6 /* Products */ = {
			isa = PBXGroup;
			children = (
				4E9CEC8D2CE3E34F00E584E6 /* Hunt Across Brookline.app */,
				4E9CEC9D2CE3E35100E584E6 /* Hunt Across BrooklineTests.xctest */,
				4E9CECA72CE3E35100E584E6 /* Hunt Across BrooklineUITests.xctest */,
			);
			name = Products;
			sourceTree = "<group>";
		};
/* End PBXGroup section */

/* Begin PBXNativeTarget section */
		4E9CEC8C2CE3E34F00E584E6 /* Hunt Across Brookline */ = {
			isa = PBXNativeTarget;
			buildConfigurationList = 4E9CECB12CE3E35100E584E6 /* Build configuration list for PBXNativeTarget "Hunt Across Brookline" */;
			buildPhases = (
				4E9CEC892CE3E34F00E584E6 /* Sources */,
				4E9CEC8A2CE3E34F00E584E6 /* Frameworks */,
				4E9CEC8B2CE3E34F00E584E6 /* Resources */,
			);
			buildRules = (
			);
			dependencies = (
			);
			fileSystemSynchronizedGroups = (
				4E9CEC8F2CE3E34F00E584E6 /* Hunt Across Brookline */,
			);
			name = "Hunt Across Brookline";
			packageProductDependencies = (
			);
			productName = "Hunt Across Brookline";
			productReference = 4E9CEC8D2CE3E34F00E584E6 /* Hunt Across Brookline.app */;
			productType = "com.apple.product-type.application";
		};
		4E9CEC9C2CE3E35100E584E6 /* Hunt Across BrooklineTests */ = {
			isa = PBXNativeTarget;
			buildConfigurationList = 4E9CECB42CE3E35100E584E6 /* Build configuration list for PBXNativeTarget "Hunt Across BrooklineTests" */;
			buildPhases = (
				4E9CEC992CE3E35100E584E6 /* Sources */,
				4E9CEC9A2CE3E35100E584E6 /* Frameworks */,
				4E9CEC9B2CE3E35100E584E6 /* Resources */,
			);
			buildRules = (
			);
			dependencies = (
				4E9CEC9F2CE3E35100E584E6 /* PBXTargetDependency */,
			);
			fileSystemSynchronizedGroups = (
				4E9CECA02CE3E35100E584E6 /* Hunt Across BrooklineTests */,
			);
			name = "Hunt Across BrooklineTests";
			packageProductDependencies = (
			);
			productName = "Hunt Across BrooklineTests";
			productReference = 4E9CEC9D2CE3E35100E584E6 /* Hunt Across BrooklineTests.xctest */;
			productType = "com.apple.product-type.bundle.unit-test";
		};
		4E9CECA62CE3E35100E584E6 /* Hunt Across BrooklineUITests */ = {
			isa = PBXNativeTarget;
			buildConfigurationList = 4E9CECB72CE3E35100E584E6 /* Build configuration list for PBXNativeTarget "Hunt Across BrooklineUITests" */;
			buildPhases = (
				4E9CECA32CE3E35100E584E6 /* Sources */,
				4E9CECA42CE3E35100E584E6 /* Frameworks */,
				4E9CECA52CE3E35100E584E6 /* Resources */,
			);
			buildRules = (
			);
			dependencies = (
				4E9CECA92CE3E35100E584E6 /* PBXTargetDependency */,
			);
			fileSystemSynchronizedGroups = (
				4E9CECAA2CE3E35100E584E6 /* Hunt Across BrooklineUITests */,
			);
			name = "Hunt Across BrooklineUITests";
			packageProductDependencies = (
			);
			productName = "Hunt Across BrooklineUITests";
			productReference = 4E9CECA72CE3E35100E584E6 /* Hunt Across BrooklineUITests.xctest */;
			productType = "com.apple.product-type.bundle.ui-testing";
		};
/* End PBXNativeTarget section */

/* Begin PBXProject section */
		4E9CEC852CE3E34F00E584E6 /* Project object */ = {
			isa = PBXProject;
			attributes = {
				BuildIndependentTargetsInParallel = 1;
				LastSwiftUpdateCheck = 1600;
				LastUpgradeCheck = 1600;
				TargetAttributes = {
					4E9CEC8C2CE3E34F00E584E6 = {
						CreatedOnToolsVersion = 16.0;
					};
					4E9CEC9C2CE3E35100E584E6 = {
						CreatedOnToolsVersion = 16.0;
						TestTargetID = 4E9CEC8C2CE3E34F00E584E6;
					};
					4E9CECA62CE3E35100E584E6 = {
						CreatedOnToolsVersion = 16.0;
						TestTargetID = 4E9CEC8C2CE3E34F00E584E6;
					};
				};
			};
			buildConfigurationList = 4E9CEC882CE3E34F00E584E6 /* Build configuration list for PBXProject "Hunt Across Brookline" */;
			developmentRegion = en;
			hasScannedForEncodings = 0;
			knownRegions = (
				en,
				Base,
			);
			mainGroup = 4E9CEC842CE3E34F00E584E6;
			minimizedProjectReferenceProxies = 1;
			preferredProjectObjectVersion = 77;
			productRefGroup = 4E9CEC8E2CE3E34F00E584E6 /* Products */;
			projectDirPath = "";
			projectRoot = "";
			targets = (
				4E9CEC8C2CE3E34F00E584E6 /* Hunt Across Brookline */,
				4E9CEC9C2CE3E35100E584E6 /* Hunt Across BrooklineTests */,
				4E9CECA62CE3E35100E584E6 /* Hunt Across BrooklineUITests */,
			);
		};
/* End PBXProject section */

/* Begin PBXResourcesBuildPhase section */
		4E9CEC8B2CE3E34F00E584E6 /* Resources */ = {
			isa = PBXResourcesBuildPhase;
			buildActionMask = 2147483647;
			files = (
			);
			runOnlyForDeploymentPostprocessing = 0;
		};
		4E9CEC9B2CE3E35100E584E6 /* Resources */ = {
			isa = PBXResourcesBuildPhase;
			buildActionMask = 2147483647;
			files = (
			);
			runOnlyForDeploymentPostprocessing = 0;
		};
		4E9CECA52CE3E35100E584E6 /* Resources */ = {
			isa = PBXResourcesBuildPhase;
			buildActionMask = 2147483647;
			files = (
			);
			runOnlyForDeploymentPostprocessing = 0;
		};
/* End PBXResourcesBuildPhase section */

/* Begin PBXSourcesBuildPhase section */
		4E9CEC892CE3E34F00E584E6 /* Sources */ = {
			isa = PBXSourcesBuildPhase;
			buildActionMask = 2147483647;
			files = (
			);
			runOnlyForDeploymentPostprocessing = 0;
		};
		4E9CEC992CE3E35100E584E6 /* Sources */ = {
			isa = PBXSourcesBuildPhase;
			buildActionMask = 2147483647;
			files = (
			);
			runOnlyForDeploymentPostprocessing = 0;
		};
		4E9CECA32CE3E35100E584E6 /* Sources */ = {
			isa = PBXSourcesBuildPhase;
			buildActionMask = 2147483647;
			files = (
			);
			runOnlyForDeploymentPostprocessing = 0;
		};
/* End PBXSourcesBuildPhase section */

/* Begin PBXTargetDependency section */
		4E9CEC9F2CE3E35100E584E6 /* PBXTargetDependency */ = {
			isa = PBXTargetDependency;
			target = 4E9CEC8C2CE3E34F00E584E6 /* Hunt Across Brookline */;
			targetProxy = 4E9CEC9E2CE3E35100E584E6 /* PBXContainerItemProxy */;
		};
		4E9CECA92CE3E35100E584E6 /* PBXTargetDependency */ = {
			isa = PBXTargetDependency;
			target = 4E9CEC8C2CE3E34F00E584E6 /* Hunt Across Brookline */;
			targetProxy = 4E9CECA82CE3E35100E584E6 /* PBXContainerItemProxy */;
		};
/* End PBXTargetDependency section */

/* Begin XCBuildConfiguration section */
		4E9CECAF2CE3E35100E584E6 /* Debug */ = {
			isa = XCBuildConfiguration;
			buildSettings = {
				ALWAYS_SEARCH_USER_PATHS = NO;
				ASSETCATALOG_COMPILER_GENERATE_SWIFT_ASSET_SYMBOL_EXTENSIONS = YES;
				CLANG_ANALYZER_NONNULL = YES;
				CLANG_ANALYZER_NUMBER_OBJECT_CONVERSION = YES_AGGRESSIVE;
				CLANG_CXX_LANGUAGE_STANDARD = "gnu++20";
				CLANG_ENABLE_MODULES = YES;
				CLANG_ENABLE_OBJC_ARC = YES;
				CLANG_ENABLE_OBJC_WEAK = YES;
				CLANG_WARN_BLOCK_CAPTURE_AUTORELEASING = YES;
				CLANG_WARN_BOOL_CONVERSION = YES;
				CLANG_WARN_COMMA = YES;
				CLANG_WARN_CONSTANT_CONVERSION = YES;
				CLANG_WARN_DEPRECATED_OBJC_IMPLEMENTATIONS = YES;
				CLANG_WARN_DIRECT_OBJC_ISA_USAGE = YES_ERROR;
				CLANG_WARN_DOCUMENTATION_COMMENTS = YES;
				CLANG_WARN_EMPTY_BODY = YES;
				CLANG_WARN_ENUM_CONVERSION = YES;
				CLANG_WARN_INFINITE_RECURSION = YES;
				CLANG_WARN_INT_CONVERSION = YES;
				CLANG_WARN_NON_LITERAL_NULL_CONVERSION = YES;
				CLANG_WARN_OBJC_IMPLICIT_RETAIN_SELF = YES;
				CLANG_WARN_OBJC_LITERAL_CONVERSION = YES;
				CLANG_WARN_OBJC_ROOT_CLASS = YES_ERROR;
				CLANG_WARN_QUOTED_INCLUDE_IN_FRAMEWORK_HEADER = YES;
				CLANG_WARN_RANGE_LOOP_ANALYSIS = YES;
				CLANG_WARN_STRICT_PROTOTYPES = YES;
				CLANG_WARN_SUSPICIOUS_MOVE = YES;
				CLANG_WARN_UNGUARDED_AVAILABILITY = YES_AGGRESSIVE;
				CLANG_WARN_UNREACHABLE_CODE = YES;
				CLANG_WARN__DUPLICATE_METHOD_MATCH = YES;
				COPY_PHASE_STRIP = NO;
				DEBUG_INFORMATION_FORMAT = dwarf;
				ENABLE_STRICT_OBJC_MSGSEND = YES;
				ENABLE_TESTABILITY = YES;
				ENABLE_USER_SCRIPT_SANDBOXING = YES;
				GCC_C_LANGUAGE_STANDARD = gnu17;
				GCC_DYNAMIC_NO_PIC = NO;
				GCC_NO_COMMON_BLOCKS = YES;
				GCC_OPTIMIZATION_LEVEL = 0;
				GCC_PREPROCESSOR_DEFINITIONS = (
					"DEBUG=1",
					"$(inherited)",
				);
				GCC_WARN_64_TO_32_BIT_CONVERSION = YES;
				GCC_WARN_ABOUT_RETURN_TYPE = YES_ERROR;
				GCC_WARN_UNDECLARED_SELECTOR = YES;
				GCC_WARN_UNINITIALIZED_AUTOS = YES_AGGRESSIVE;
				GCC_WARN_UNUSED_FUNCTION = YES;
				GCC_WARN_UNUSED_VARIABLE = YES;
				IPHONEOS_DEPLOYMENT_TARGET = 18.0;
				LOCALIZATION_PREFERS_STRING_CATALOGS = YES;
				MTL_ENABLE_DEBUG_INFO = INCLUDE_SOURCE;
				MTL_FAST_MATH = YES;
				ONLY_ACTIVE_ARCH = YES;
				SDKROOT = iphoneos;
				SWIFT_ACTIVE_COMPILATION_CONDITIONS = "DEBUG $(inherited)";
				SWIFT_OPTIMIZATION_LEVEL = "-Onone";
			};
			name = Debug;
		};
		4E9CECB02CE3E35100E584E6 /* Release */ = {
			isa = XCBuildConfiguration;
			buildSettings = {
				ALWAYS_SEARCH_USER_PATHS = NO;
				ASSETCATALOG_COMPILER_GENERATE_SWIFT_ASSET_SYMBOL_EXTENSIONS = YES;
				CLANG_ANALYZER_NONNULL = YES;
				CLANG_ANALYZER_NUMBER_OBJECT_CONVERSION = YES_AGGRESSIVE;
				CLANG_CXX_LANGUAGE_STANDARD = "gnu++20";
				CLANG_ENABLE_MODULES = YES;
				CLANG_ENABLE_OBJC_ARC = YES;
				CLANG_ENABLE_OBJC_WEAK = YES;
				CLANG_WARN_BLOCK_CAPTURE_AUTORELEASING = YES;
				CLANG_WARN_BOOL_CONVERSION = YES;
				CLANG_WARN_COMMA = YES;
				CLANG_WARN_CONSTANT_CONVERSION = YES;
				CLANG_WARN_DEPRECATED_OBJC_IMPLEMENTATIONS = YES;
				CLANG_WARN_DIRECT_OBJC_ISA_USAGE = YES_ERROR;
				CLANG_WARN_DOCUMENTATION_COMMENTS = YES;
				CLANG_WARN_EMPTY_BODY = YES;
				CLANG_WARN_ENUM_CONVERSION = YES;
				CLANG_WARN_INFINITE_RECURSION = YES;
				CLANG_WARN_INT_CONVERSION = YES;
				CLANG_WARN_NON_LITERAL_NULL_CONVERSION = YES;
				CLANG_WARN_OBJC_IMPLICIT_RETAIN_SELF = YES;
				CLANG_WARN_OBJC_LITERAL_CONVERSION = YES;
				CLANG_WARN_OBJC_ROOT_CLASS = YES_ERROR;
				CLANG_WARN_QUOTED_INCLUDE_IN_FRAMEWORK_HEADER = YES;
				CLANG_WARN_RANGE_LOOP_ANALYSIS = YES;
				CLANG_WARN_STRICT_PROTOTYPES = YES;
				CLANG_WARN_SUSPICIOUS_MOVE = YES;
				CLANG_WARN_UNGUARDED_AVAILABILITY = YES_AGGRESSIVE;
				CLANG_WARN_UNREACHABLE_CODE = YES;
				CLANG_WARN__DUPLICATE_METHOD_MATCH = YES;
				COPY_PHASE_STRIP = NO;
				DEBUG_INFORMATION_FORMAT = "dwarf-with-dsym";
				ENABLE_NS_ASSERTIONS = NO;
				ENABLE_STRICT_OBJC_MSGSEND = YES;
				ENABLE_USER_SCRIPT_SANDBOXING = YES;
				GCC_C_LANGUAGE_STANDARD = gnu17;
				GCC_NO_COMMON_BLOCKS = YES;
				GCC_WARN_64_TO_32_BIT_CONVERSION = YES;
				GCC_WARN_ABOUT_RETURN_TYPE = YES_ERROR;
				GCC_WARN_UNDECLARED_SELECTOR = YES;
				GCC_WARN_UNINITIALIZED_AUTOS = YES_AGGRESSIVE;
				GCC_WARN_UNUSED_FUNCTION = YES;
				GCC_WARN_UNUSED_VARIABLE = YES;
				IPHONEOS_DEPLOYMENT_TARGET = 18.0;
				LOCALIZATION_PREFERS_STRING_CATALOGS = YES;
				MTL_ENABLE_DEBUG_INFO = NO;
				MTL_FAST_MATH = YES;
				SDKROOT = iphoneos;
				SWIFT_COMPILATION_MODE = wholemodule;
				VALIDATE_PRODUCT = YES;
			};
			name = Release;
		};
		4E9CECB22CE3E35100E584E6 /* Debug */ = {
			isa = XCBuildConfiguration;
			buildSettings = {
				ASSETCATALOG_COMPILER_APPICON_NAME = AppIcon;
				ASSETCATALOG_COMPILER_GLOBAL_ACCENT_COLOR_NAME = AccentColor;
				CODE_SIGN_STYLE = Automatic;
				CURRENT_PROJECT_VERSION = 1;
				DEVELOPMENT_ASSET_PATHS = "\"Hunt Across Brookline/Preview Content\"";
				ENABLE_PREVIEWS = YES;
				GENERATE_INFOPLIST_FILE = YES;
				INFOPLIST_KEY_UIApplicationSceneManifest_Generation = YES;
				INFOPLIST_KEY_UIApplicationSupportsIndirectInputEvents = YES;
				INFOPLIST_KEY_UILaunchScreen_Generation = YES;
				INFOPLIST_KEY_UISupportedInterfaceOrientations_iPad = "UIInterfaceOrientationPortrait UIInterfaceOrientationPortraitUpsideDown UIInterfaceOrientationLandscapeLeft UIInterfaceOrientationLandscapeRight";
				INFOPLIST_KEY_UISupportedInterfaceOrientations_iPhone = "UIInterfaceOrientationPortrait UIInterfaceOrientationLandscapeLeft UIInterfaceOrientationLandscapeRight";
				LD_RUNPATH_SEARCH_PATHS = (
					"$(inherited)",
					"@executable_path/Frameworks",
				);
				MARKETING_VERSION = 1.0;
				PRODUCT_BUNDLE_IDENTIFIER = "com.example.Hunt-Across-Brookline";
				PRODUCT_NAME = "$(TARGET_NAME)";
				SWIFT_EMIT_LOC_STRINGS = YES;
				SWIFT_VERSION = 5.0;
				TARGETED_DEVICE_FAMILY = "1,2";
			};
			name = Debug;
		};
		4E9CECB32CE3E35100E584E6 /* Release */ = {
			isa = XCBuildConfiguration;
			buildSettings = {
				ASSETCATALOG_COMPILER_APPICON_NAME = AppIcon;
				ASSETCATALOG_COMPILER_GLOBAL_ACCENT_COLOR_NAME = AccentColor;
				CODE_SIGN_STYLE = Automatic;
				CURRENT_PROJECT_VERSION = 1;
				DEVELOPMENT_ASSET_PATHS = "\"Hunt Across Brookline/Preview Content\"";
				ENABLE_PREVIEWS = YES;
				GENERATE_INFOPLIST_FILE = YES;
				INFOPLIST_KEY_UIApplicationSceneManifest_Generation = YES;
				INFOPLIST_KEY_UIApplicationSupportsIndirectInputEvents = YES;
				INFOPLIST_KEY_UILaunchScreen_Generation = YES;
				INFOPLIST_KEY_UISupportedInterfaceOrientations_iPad = "UIInterfaceOrientationPortrait UIInterfaceOrientationPortraitUpsideDown UIInterfaceOrientationLandscapeLeft UIInterfaceOrientationLandscapeRight";
				INFOPLIST_KEY_UISupportedInterfaceOrientations_iPhone = "UIInterfaceOrientationPortrait UIInterfaceOrientationLandscapeLeft UIInterfaceOrientationLandscapeRight";
				LD_RUNPATH_SEARCH_PATHS = (
					"$(inherited)",
					"@executable_path/Frameworks",
				);
				MARKETING_VERSION = 1.0;
				PRODUCT_BUNDLE_IDENTIFIER = "com.example.Hunt-Across-Brookline";
				PRODUCT_NAME = "$(TARGET_NAME)";
				SWIFT_EMIT_LOC_STRINGS = YES;
				SWIFT_VERSION = 5.0;
				TARGETED_DEVICE_FAMILY = "1,2";
			};
			name = Release;
		};
		4E9CECB52CE3E35100E584E6 /* Debug */ = {
			isa = XCBuildConfiguration;
			buildSettings = {
				BUNDLE_LOADER = "$(TEST_HOST)";
				CODE_SIGN_STYLE = Automatic;
				CURRENT_PROJECT_VERSION = 1;
				GENERATE_INFOPLIST_FILE = YES;
				IPHONEOS_DEPLOYMENT_TARGET = 18.0;
				MARKETING_VERSION = 1.0;
				PRODUCT_BUNDLE_IDENTIFIER = "com.example.Hunt-Across-BrooklineTests";
				PRODUCT_NAME = "$(TARGET_NAME)";
				SWIFT_EMIT_LOC_STRINGS = NO;
				SWIFT_VERSION = 5.0;
				TARGETED_DEVICE_FAMILY = "1,2";
				TEST_HOST = "$(BUILT_PRODUCTS_DIR)/Hunt Across Brookline.app/$(BUNDLE_EXECUTABLE_FOLDER_PATH)/Hunt Across Brookline";
			};
			name = Debug;
		};
		4E9CECB62CE3E35100E584E6 /* Release */ = {
			isa = XCBuildConfiguration;
			buildSettings = {
				BUNDLE_LOADER = "$(TEST_HOST)";
				CODE_SIGN_STYLE = Automatic;
				CURRENT_PROJECT_VERSION = 1;
				GENERATE_INFOPLIST_FILE = YES;
				IPHONEOS_DEPLOYMENT_TARGET = 18.0;
				MARKETING_VERSION = 1.0;
				PRODUCT_BUNDLE_IDENTIFIER = "com.example.Hunt-Across-BrooklineTests";
				PRODUCT_NAME = "$(TARGET_NAME)";
				SWIFT_EMIT_LOC_STRINGS = NO;
				SWIFT_VERSION = 5.0;
				TARGETED_DEVICE_FAMILY = "1,2";
				TEST_HOST = "$(BUILT_PRODUCTS_DIR)/Hunt Across Brookline.app/$(BUNDLE_EXECUTABLE_FOLDER_PATH)/Hunt Across Brookline";
			};
			name = Release;
		};
		4E9CECB82CE3E35100E584E6 /* Debug */ = {
			isa = XCBuildConfiguration;
			buildSettings = {
				CODE_SIGN_STYLE = Automatic;
				CURRENT_PROJECT_VERSION = 1;
				GENERATE_INFOPLIST_FILE = YES;
				MARKETING_VERSION = 1.0;
				PRODUCT_BUNDLE_IDENTIFIER = "com.example.Hunt-Across-BrooklineUITests";
				PRODUCT_NAME = "$(TARGET_NAME)";
				SWIFT_EMIT_LOC_STRINGS = NO;
				SWIFT_VERSION = 5.0;
				TARGETED_DEVICE_FAMILY = "1,2";
				TEST_TARGET_NAME = "Hunt Across Brookline";
			};
			name = Debug;
		};
		4E9CECB92CE3E35100E584E6 /* Release */ = {
			isa = XCBuildConfiguration;
			buildSettings = {
				CODE_SIGN_STYLE = Automatic;
				CURRENT_PROJECT_VERSION = 1;
				GENERATE_INFOPLIST_FILE = YES;
				MARKETING_VERSION = 1.0;
				PRODUCT_BUNDLE_IDENTIFIER = "com.example.Hunt-Across-BrooklineUITests";
				PRODUCT_NAME = "$(TARGET_NAME)";
				SWIFT_EMIT_LOC_STRINGS = NO;
				SWIFT_VERSION = 5.0;
				TARGETED_DEVICE_FAMILY = "1,2";
				TEST_TARGET_NAME = "Hunt Across Brookline";
			};
			name = Release;
		};
/* End XCBuildConfiguration section */

/* Begin XCConfigurationList section */
		4E9CEC882CE3E34F00E584E6 /* Build configuration list for PBXProject "Hunt Across Brookline" */ = {
			isa = XCConfigurationList;
			buildConfigurations = (
				4E9CECAF2CE3E35100E584E6 /* Debug */,
				4E9CECB02CE3E35100E584E6 /* Release */,
			);
			defaultConfigurationIsVisible = 0;
			defaultConfigurationName = Release;
		};
		4E9CECB12CE3E35100E584E6 /* Build configuration list for PBXNativeTarget "Hunt Across Brookline" */ = {
			isa = XCConfigurationList;
			buildConfigurations = (
				4E9CECB22CE3E35100E584E6 /* Debug */,
				4E9CECB32CE3E35100E584E6 /* Release */,
			);
			defaultConfigurationIsVisible = 0;
			defaultConfigurationName = Release;
		};
		4E9CECB42CE3E35100E584E6 /* Build configuration list for PBXNativeTarget "Hunt Across BrooklineTests" */ = {
			isa = XCConfigurationList;
			buildConfigurations = (
				4E9CECB52CE3E35100E584E6 /* Debug */,
				4E9CECB62CE3E35100E584E6 /* Release */,
			);
			defaultConfigurationIsVisible = 0;
			defaultConfigurationName = Release;
		};
		4E9CECB72CE3E35100E584E6 /* Build configuration list for PBXNativeTarget "Hunt Across BrooklineUITests" */ = {
			isa = XCConfigurationList;
			buildConfigurations = (
				4E9CECB82CE3E35100E584E6 /* Debug */,
				4E9CECB92CE3E35100E584E6 /* Release */,
			);
			defaultConfigurationIsVisible = 0;
			defaultConfigurationName = Release;
		};
/* End XCConfigurationList section */
	};
	rootObject = 4E9CEC852CE3E34F00E584E6 /* Project object */;
}
